
Microsoft Visual Studio Solution File, Format Version 12.00
# Visual Studio 14
VisualStudioVersion = 14.0.25420.1
MinimumVisualStudioVersion = 10.0.40219.1
Project("{FAE04EC0-301F-11D3-BF4B-00C04F79EFBC}") = "SMD", "SMD\SMD.csproj", "{7C32EFF3-A117-48F9-93E9-4C149BB2F916}"
EndProject
Project("{FAE04EC0-301F-11D3-BF4B-00C04F79EFBC}") = "SMD.Sample", "SMD.Sample\SMD.Sample.csproj", "{8E684E6D-6FE1-41E5-B23A-C52E2961ACEB}"
EndProject
Global
	GlobalSection(SolutionConfigurationPlatforms) = preSolution
		Debug|Any CPU = Debug|Any CPU
		Release|Any CPU = Release|Any CPU
	EndGlobalSection
	GlobalSection(ProjectConfigurationPlatforms) = postSolution
		{7C32EFF3-A117-48F9-93E9-4C149BB2F916}.Debug|Any CPU.ActiveCfg = Debug|Any CPU
		{7C32EFF3-A117-48F9-93E9-4C149BB2F916}.Debug|Any CPU.Build.0 = Debug|Any CPU
		{7C32EFF3-A117-48F9-93E9-4C149BB2F916}.Release|Any CPU.ActiveCfg = Release|Any CPU
		{7C32EFF3-A117-48F9-93E9-4C149BB2F916}.Release|Any CPU.Build.0 = Release|Any CPU
		{8E684E6D-6FE1-41E5-B23A-C52E2961ACEB}.Debug|Any CPU.ActiveCfg = Debug|Any CPU
		{8E684E6D-6FE1-41E5-B23A-C52E2961ACEB}.Debug|Any CPU.Build.0 = Debug|Any CPU
		{8E684E6D-6FE1-41E5-B23A-C52E2961ACEB}.Release|Any CPU.ActiveCfg = Release|Any CPU
		{8E684E6D-6FE1-41E5-B23A-C52E2961ACEB}.Release|Any CPU.Build.0 = Release|Any CPU
	EndGlobalSection
	GlobalSection(SolutionProperties) = preSolution
		HideSolutionNode = FALSE
	EndGlobalSection
EndGlobal
