
Microsoft Visual Studio Solution File, Format Version 12.00
# Visual Studio Version 16
VisualStudioVersion = 16.0.34902.97
MinimumVisualStudioVersion = 10.0.40219.1
Project("{9A19103F-16F7-4668-BE54-9A1E7A4F7556}") = "SMD", "SMD\SMD.csproj", "{7C32EFF3-A117-48F9-93E9-4C149BB2F916}"
EndProject
Project("{FAE04EC0-301F-11D3-BF4B-00C04F79EFBC}") = "SMD.Sample", "SMD.Sample\SMD.Sample.csproj", "{2D097983-C691-45C9-98E4-3642E4E02CC6}"
EndProject
Global
	GlobalSection(SolutionConfigurationPlatforms) = preSolution
		Debug|Any CPU = Debug|Any CPU
		Release|Any CPU = Release|Any CPU
	EndGlobalSection
	GlobalSection(ProjectConfigurationPlatforms) = postSolution
		{7C32EFF3-A117-48F9-93E9-4C149BB2F916}.Debug|Any CPU.ActiveCfg = Debug|Any CPU
		{7C32EFF3-A117-48F9-93E9-4C149BB2F916}.Debug|Any CPU.Build.0 = Debug|Any CPU
		{7C32EFF3-A117-48F9-93E9-4C149BB2F916}.Release|Any CPU.ActiveCfg = Release|Any CPU
		{7C32EFF3-A117-48F9-93E9-4C149BB2F916}.Release|Any CPU.Build.0 = Release|Any CPU
		{2D097983-C691-45C9-98E4-3642E4E02CC6}.Debug|Any CPU.ActiveCfg = Debug|Any CPU
		{2D097983-C691-45C9-98E4-3642E4E02CC6}.Debug|Any CPU.Build.0 = Debug|Any CPU
		{2D097983-C691-45C9-98E4-3642E4E02CC6}.Release|Any CPU.ActiveCfg = Release|Any CPU
		{2D097983-C691-45C9-98E4-3642E4E02CC6}.Release|Any CPU.Build.0 = Release|Any CPU
	EndGlobalSection
	GlobalSection(SolutionProperties) = preSolution
		HideSolutionNode = FALSE
	EndGlobalSection
	GlobalSection(ExtensibilityGlobals) = postSolution
		SolutionGuid = {0F92AA44-0AEC-42AB-B8D6-F4D14A4254DF}
	EndGlobalSection
EndGlobal
